
Microsoft Visual Studio Solution File, Format Version 12.00
# Visual Studio Version 17
VisualStudioVersion = 17.12.35527.113 d17.12
MinimumVisualStudioVersion = 10.0.40219.1
Project("{2150E333-8FDC-42A3-9474-1A3956D46DE8}") = "Services", "Services", "{B79C75A8-EB67-4DC2-977A-9C3DC2A95C01}"
EndProject
Project("{2150E333-8FDC-42A3-9474-1A3956D46DE8}") = "Catalog", "Catalog", "{30FEDD52-21C5-4E16-9ADB-9F8217B50BA3}"
EndProject
Project("{FAE04EC0-301F-11D3-BF4B-00C04F79EFBC}") = "Catalog.API", "..\src\Services\Catalog\Catalog.API\Catalog.API.csproj", "{6BCEAF24-77C4-4B8C-8F79-5D450CDE6A90}"
EndProject
Global
	GlobalSection(SolutionConfigurationPlatforms) = preSolution
		Debug|Any CPU = Debug|Any CPU
		Release|Any CPU = Release|Any CPU
	EndGlobalSection
	GlobalSection(ProjectConfigurationPlatforms) = postSolution
		{6BCEAF24-77C4-4B8C-8F79-5D450CDE6A90}.Debug|Any CPU.ActiveCfg = Debug|Any CPU
		{6BCEAF24-77C4-4B8C-8F79-5D450CDE6A90}.Debug|Any CPU.Build.0 = Debug|Any CPU
		{6BCEAF24-77C4-4B8C-8F79-5D450CDE6A90}.Release|Any CPU.ActiveCfg = Release|Any CPU
		{6BCEAF24-77C4-4B8C-8F79-5D450CDE6A90}.Release|Any CPU.Build.0 = Release|Any CPU
	EndGlobalSection
	GlobalSection(SolutionProperties) = preSolution
		HideSolutionNode = FALSE
	EndGlobalSection
	GlobalSection(NestedProjects) = preSolution
		{30FEDD52-21C5-4E16-9ADB-9F8217B50BA3} = {B79C75A8-EB67-4DC2-977A-9C3DC2A95C01}
		{6BCEAF24-77C4-4B8C-8F79-5D450CDE6A90} = {30FEDD52-21C5-4E16-9ADB-9F8217B50BA3}
	EndGlobalSection
EndGlobal
